// !$*UTF8*$!
{
	archiveVersion = 1;
	classes = {
	};
	objectVersion = 46;
	objects = {

/* Begin PBXBuildFile section */
		5EF8471B7067D2F9C92ADD72 /* Pods_SqliteDemo.framework in Frameworks */ = {isa = PBXBuildFile; fileRef = 7E8E0ABEC9D8C140C87E8155 /* Pods_SqliteDemo.framework */; };
		D141C9F71E1B436E006EBA3C /* AppDelegate.swift in Sources */ = {isa = PBXBuildFile; fileRef = D141C9F61E1B436E006EBA3C /* AppDelegate.swift */; };
		D141C9F91E1B436E006EBA3C /* ViewController.swift in Sources */ = {isa = PBXBuildFile; fileRef = D141C9F81E1B436E006EBA3C /* ViewController.swift */; };
		D141C9FC1E1B436E006EBA3C /* Main.storyboard in Resources */ = {isa = PBXBuildFile; fileRef = D141C9FA1E1B436E006EBA3C /* Main.storyboard */; };
		D141C9FE1E1B436E006EBA3C /* Assets.xcassets in Resources */ = {isa = PBXBuildFile; fileRef = D141C9FD1E1B436E006EBA3C /* Assets.xcassets */; };
		D141CA011E1B436E006EBA3C /* LaunchScreen.storyboard in Resources */ = {isa = PBXBuildFile; fileRef = D141C9FF1E1B436E006EBA3C /* LaunchScreen.storyboard */; };
		D141CA091E1B4B69006EBA3C /* Actor.swift in Sources */ = {isa = PBXBuildFile; fileRef = D141CA081E1B4B69006EBA3C /* Actor.swift */; };
		D141CA0B1E1B5058006EBA3C /* ActorTableViewCell.swift in Sources */ = {isa = PBXBuildFile; fileRef = D141CA0A1E1B5058006EBA3C /* ActorTableViewCell.swift */; };
		D141CA0D1E1B6FB0006EBA3C /* ActorDb.swift in Sources */ = {isa = PBXBuildFile; fileRef = D141CA0C1E1B6FB0006EBA3C /* ActorDb.swift */; };
/* End PBXBuildFile section */

/* Begin PBXFileReference section */
		360B495F0922785E60ACA3F2 /* Pods-SqliteDemo.debug.xcconfig */ = {isa = PBXFileReference; includeInIndex = 1; lastKnownFileType = text.xcconfig; name = "Pods-SqliteDemo.debug.xcconfig"; path = "Pods/Target Support Files/Pods-SqliteDemo/Pods-SqliteDemo.debug.xcconfig"; sourceTree = "<group>"; };
		7E8E0ABEC9D8C140C87E8155 /* Pods_SqliteDemo.framework */ = {isa = PBXFileReference; explicitFileType = wrapper.framework; includeInIndex = 0; path = Pods_SqliteDemo.framework; sourceTree = BUILT_PRODUCTS_DIR; };
		B218C57C08B4C83DD6D70BD0 /* Pods-SqliteDemo.release.xcconfig */ = {isa = PBXFileReference; includeInIndex = 1; lastKnownFileType = text.xcconfig; name = "Pods-SqliteDemo.release.xcconfig"; path = "Pods/Target Support Files/Pods-SqliteDemo/Pods-SqliteDemo.release.xcconfig"; sourceTree = "<group>"; };
		D141C9F31E1B436E006EBA3C /* SqliteDemo.app */ = {isa = PBXFileReference; explicitFileType = wrapper.application; includeInIndex = 0; path = SqliteDemo.app; sourceTree = BUILT_PRODUCTS_DIR; };
		D141C9F61E1B436E006EBA3C /* AppDelegate.swift */ = {isa = PBXFileReference; lastKnownFileType = sourcecode.swift; path = AppDelegate.swift; sourceTree = "<group>"; };
		D141C9F81E1B436E006EBA3C /* ViewController.swift */ = {isa = PBXFileReference; lastKnownFileType = sourcecode.swift; path = ViewController.swift; sourceTree = "<group>"; };
		D141C9FB1E1B436E006EBA3C /* Base */ = {isa = PBXFileReference; lastKnownFileType = file.storyboard; name = Base; path = Base.lproj/Main.storyboard; sourceTree = "<group>"; };
		D141C9FD1E1B436E006EBA3C /* Assets.xcassets */ = {isa = PBXFileReference; lastKnownFileType = folder.assetcatalog; path = Assets.xcassets; sourceTree = "<group>"; };
		D141CA001E1B436E006EBA3C /* Base */ = {isa = PBXFileReference; lastKnownFileType = file.storyboard; name = Base; path = Base.lproj/LaunchScreen.storyboard; sourceTree = "<group>"; };
		D141CA021E1B436E006EBA3C /* Info.plist */ = {isa = PBXFileReference; lastKnownFileType = text.plist.xml; path = Info.plist; sourceTree = "<group>"; };
		D141CA081E1B4B69006EBA3C /* Actor.swift */ = {isa = PBXFileReference; fileEncoding = 4; lastKnownFileType = sourcecode.swift; path = Actor.swift; sourceTree = "<group>"; };
		D141CA0A1E1B5058006EBA3C /* ActorTableViewCell.swift */ = {isa = PBXFileReference; fileEncoding = 4; lastKnownFileType = sourcecode.swift; path = ActorTableViewCell.swift; sourceTree = "<group>"; };
		D141CA0C1E1B6FB0006EBA3C /* ActorDb.swift */ = {isa = PBXFileReference; fileEncoding = 4; lastKnownFileType = sourcecode.swift; path = ActorDb.swift; sourceTree = "<group>"; };
/* End PBXFileReference section */

/* Begin PBXFrameworksBuildPhase section */
		D141C9F01E1B436E006EBA3C /* Frameworks */ = {
			isa = PBXFrameworksBuildPhase;
			buildActionMask = 2147483647;
			files = (
				5EF8471B7067D2F9C92ADD72 /* Pods_SqliteDemo.framework in Frameworks */,
			);
			runOnlyForDeploymentPostprocessing = 0;
		};
/* End PBXFrameworksBuildPhase section */

/* Begin PBXGroup section */
		07EBD0CE2A1808F05A783EA4 /* Frameworks */ = {
			isa = PBXGroup;
			children = (
				7E8E0ABEC9D8C140C87E8155 /* Pods_SqliteDemo.framework */,
			);
			name = Frameworks;
			sourceTree = "<group>";
		};
		577D11DEA7A337F318598563 /* Pods */ = {
			isa = PBXGroup;
			children = (
				360B495F0922785E60ACA3F2 /* Pods-SqliteDemo.debug.xcconfig */,
				B218C57C08B4C83DD6D70BD0 /* Pods-SqliteDemo.release.xcconfig */,
			);
			name = Pods;
			sourceTree = "<group>";
		};
		D141C9EA1E1B436D006EBA3C = {
			isa = PBXGroup;
			children = (
				D141C9F51E1B436E006EBA3C /* SqliteDemo */,
				D141C9F41E1B436E006EBA3C /* Products */,
				577D11DEA7A337F318598563 /* Pods */,
				07EBD0CE2A1808F05A783EA4 /* Frameworks */,
			);
			sourceTree = "<group>";
		};
		D141C9F41E1B436E006EBA3C /* Products */ = {
			isa = PBXGroup;
			children = (
				D141C9F31E1B436E006EBA3C /* SqliteDemo.app */,
			);
			name = Products;
			sourceTree = "<group>";
		};
		D141C9F51E1B436E006EBA3C /* SqliteDemo */ = {
			isa = PBXGroup;
			children = (
				D141C9F61E1B436E006EBA3C /* AppDelegate.swift */,
				D141C9F81E1B436E006EBA3C /* ViewController.swift */,
				D141CA0A1E1B5058006EBA3C /* ActorTableViewCell.swift */,
				D141C9FA1E1B436E006EBA3C /* Main.storyboard */,
				D141C9FD1E1B436E006EBA3C /* Assets.xcassets */,
				D141C9FF1E1B436E006EBA3C /* LaunchScreen.storyboard */,
				D141CA021E1B436E006EBA3C /* Info.plist */,
				D141CA081E1B4B69006EBA3C /* Actor.swift */,
				D141CA0C1E1B6FB0006EBA3C /* ActorDb.swift */,
			);
			path = SqliteDemo;
			sourceTree = "<group>";
		};
/* End PBXGroup section */

/* Begin PBXNativeTarget section */
		D141C9F21E1B436E006EBA3C /* SqliteDemo */ = {
			isa = PBXNativeTarget;
			buildConfigurationList = D141CA051E1B436E006EBA3C /* Build configuration list for PBXNativeTarget "SqliteDemo" */;
			buildPhases = (
				017160B687E1E887938B3368 /* [CP] Check Pods Manifest.lock */,
				D141C9EF1E1B436E006EBA3C /* Sources */,
				D141C9F01E1B436E006EBA3C /* Frameworks */,
				D141C9F11E1B436E006EBA3C /* Resources */,
				0D08E4DBFD92E8B88059BB24 /* [CP] Embed Pods Frameworks */,
				7054917EB49F726822A320BC /* [CP] Copy Pods Resources */,
			);
			buildRules = (
			);
			dependencies = (
			);
			name = SqliteDemo;
			productName = SqliteDemo;
			productReference = D141C9F31E1B436E006EBA3C /* SqliteDemo.app */;
			productType = "com.apple.product-type.application";
		};
/* End PBXNativeTarget section */

/* Begin PBXProject section */
		D141C9EB1E1B436D006EBA3C /* Project object */ = {
			isa = PBXProject;
			attributes = {
				LastSwiftUpdateCheck = 0800;
				LastUpgradeCheck = 0800;
				ORGANIZATIONNAME = "Kvana DevInc";
				TargetAttributes = {
					D141C9F21E1B436E006EBA3C = {
						CreatedOnToolsVersion = 8.0;
						DevelopmentTeam = AX766J88NA;
						ProvisioningStyle = Automatic;
					};
				};
			};
			buildConfigurationList = D141C9EE1E1B436D006EBA3C /* Build configuration list for PBXProject "SqliteDemo" */;
			compatibilityVersion = "Xcode 3.2";
			developmentRegion = English;
			hasScannedForEncodings = 0;
			knownRegions = (
				en,
				Base,
			);
			mainGroup = D141C9EA1E1B436D006EBA3C;
			productRefGroup = D141C9F41E1B436E006EBA3C /* Products */;
			projectDirPath = "";
			projectRoot = "";
			targets = (
				D141C9F21E1B436E006EBA3C /* SqliteDemo */,
			);
		};
/* End PBXProject section */

/* Begin PBXResourcesBuildPhase section */
		D141C9F11E1B436E006EBA3C /* Resources */ = {
			isa = PBXResourcesBuildPhase;
			buildActionMask = 2147483647;
			files = (
				D141CA011E1B436E006EBA3C /* LaunchScreen.storyboard in Resources */,
				D141C9FE1E1B436E006EBA3C /* Assets.xcassets in Resources */,
				D141C9FC1E1B436E006EBA3C /* Main.storyboard in Resources */,
			);
			runOnlyForDeploymentPostprocessing = 0;
		};
/* End PBXResourcesBuildPhase section */

/* Begin PBXShellScriptBuildPhase section */
		017160B687E1E887938B3368 /* [CP] Check Pods Manifest.lock */ = {
			isa = PBXShellScriptBuildPhase;
			buildActionMask = 2147483647;
			files = (
			);
			inputPaths = (
			);
			name = "[CP] Check Pods Manifest.lock";
			outputPaths = (
			);
			runOnlyForDeploymentPostprocessing = 0;
			shellPath = /bin/sh;
			shellScript = "diff \"${PODS_ROOT}/../Podfile.lock\" \"${PODS_ROOT}/Manifest.lock\" > /dev/null\nif [ $? != 0 ] ; then\n    # print error to STDERR\n    echo \"error: The sandbox is not in sync with the Podfile.lock. Run 'pod install' or update your CocoaPods installation.\" >&2\n    exit 1\nfi\n";
			showEnvVarsInLog = 0;
		};
		0D08E4DBFD92E8B88059BB24 /* [CP] Embed Pods Frameworks */ = {
			isa = PBXShellScriptBuildPhase;
			buildActionMask = 2147483647;
			files = (
			);
			inputPaths = (
			);
			name = "[CP] Embed Pods Frameworks";
			outputPaths = (
			);
			runOnlyForDeploymentPostprocessing = 0;
			shellPath = /bin/sh;
			shellScript = "\"${SRCROOT}/Pods/Target Support Files/Pods-SqliteDemo/Pods-SqliteDemo-frameworks.sh\"\n";
			showEnvVarsInLog = 0;
		};
		7054917EB49F726822A320BC /* [CP] Copy Pods Resources */ = {
			isa = PBXShellScriptBuildPhase;
			buildActionMask = 2147483647;
			files = (
			);
			inputPaths = (
			);
			name = "[CP] Copy Pods Resources";
			outputPaths = (
			);
			runOnlyForDeploymentPostprocessing = 0;
			shellPath = /bin/sh;
			shellScript = "\"${SRCROOT}/Pods/Target Support Files/Pods-SqliteDemo/Pods-SqliteDemo-resources.sh\"\n";
			showEnvVarsInLog = 0;
		};
/* End PBXShellScriptBuildPhase section */

/* Begin PBXSourcesBuildPhase section */
		D141C9EF1E1B436E006EBA3C /* Sources */ = {
			isa = PBXSourcesBuildPhase;
			buildActionMask = 2147483647;
			files = (
				D141CA091E1B4B69006EBA3C /* Actor.swift in Sources */,
				D141C9F91E1B436E006EBA3C /* ViewController.swift in Sources */,
				D141C9F71E1B436E006EBA3C /* AppDelegate.swift in Sources */,
				D141CA0D1E1B6FB0006EBA3C /* ActorDb.swift in Sources */,
				D141CA0B1E1B5058006EBA3C /* ActorTableViewCell.swift in Sources */,
			);
			runOnlyForDeploymentPostprocessing = 0;
		};
/* End PBXSourcesBuildPhase section */

/* Begin PBXVariantGroup section */
		D141C9FA1E1B436E006EBA3C /* Main.storyboard */ = {
			isa = PBXVariantGroup;
			children = (
				D141C9FB1E1B436E006EBA3C /* Base */,
			);
			name = Main.storyboard;
			sourceTree = "<group>";
		};
		D141C9FF1E1B436E006EBA3C /* LaunchScreen.storyboard */ = {
			isa = PBXVariantGroup;
			children = (
				D141CA001E1B436E006EBA3C /* Base */,
			);
			name = LaunchScreen.storyboard;
			sourceTree = "<group>";
		};
/* End PBXVariantGroup section */

/* Begin XCBuildConfiguration section */
		D141CA031E1B436E006EBA3C /* Debug */ = {
			isa = XCBuildConfiguration;
			buildSettings = {
				ALWAYS_SEARCH_USER_PATHS = NO;
				CLANG_ANALYZER_NONNULL = YES;
				CLANG_CXX_LANGUAGE_STANDARD = "gnu++0x";
				CLANG_CXX_LIBRARY = "libc++";
				CLANG_ENABLE_MODULES = YES;
				CLANG_ENABLE_OBJC_ARC = YES;
				CLANG_WARN_BOOL_CONVERSION = YES;
				CLANG_WARN_CONSTANT_CONVERSION = YES;
				CLANG_WARN_DIRECT_OBJC_ISA_USAGE = YES_ERROR;
				CLANG_WARN_DOCUMENTATION_COMMENTS = YES;
				CLANG_WARN_EMPTY_BODY = YES;
				CLANG_WARN_ENUM_CONVERSION = YES;
				CLANG_WARN_INFINITE_RECURSION = YES;
				CLANG_WARN_INT_CONVERSION = YES;
				CLANG_WARN_OBJC_ROOT_CLASS = YES_ERROR;
				CLANG_WARN_SUSPICIOUS_MOVES = YES;
				CLANG_WARN_UNREACHABLE_CODE = YES;
				CLANG_WARN__DUPLICATE_METHOD_MATCH = YES;
				"CODE_SIGN_IDENTITY[sdk=iphoneos*]" = "iPhone Developer";
				COPY_PHASE_STRIP = NO;
				DEBUG_INFORMATION_FORMAT = dwarf;
				ENABLE_STRICT_OBJC_MSGSEND = YES;
				ENABLE_TESTABILITY = YES;
				GCC_C_LANGUAGE_STANDARD = gnu99;
				GCC_DYNAMIC_NO_PIC = NO;
				GCC_NO_COMMON_BLOCKS = YES;
				GCC_OPTIMIZATION_LEVEL = 0;
				GCC_PREPROCESSOR_DEFINITIONS = (
					"DEBUG=1",
					"$(inherited)",
				);
				GCC_WARN_64_TO_32_BIT_CONVERSION = YES;
				GCC_WARN_ABOUT_RETURN_TYPE = YES_ERROR;
				GCC_WARN_UNDECLARED_SELECTOR = YES;
				GCC_WARN_UNINITIALIZED_AUTOS = YES_AGGRESSIVE;
				GCC_WARN_UNUSED_FUNCTION = YES;
				GCC_WARN_UNUSED_VARIABLE = YES;
				IPHONEOS_DEPLOYMENT_TARGET = 10.0;
				MTL_ENABLE_DEBUG_INFO = YES;
				ONLY_ACTIVE_ARCH = YES;
				SDKROOT = iphoneos;
				SWIFT_ACTIVE_COMPILATION_CONDITIONS = DEBUG;
				SWIFT_OPTIMIZATION_LEVEL = "-Onone";
				TARGETED_DEVICE_FAMILY = "1,2";
			};
			name = Debug;
		};
		D141CA041E1B436E006EBA3C /* Release */ = {
			isa = XCBuildConfiguration;
			buildSettings = {
				ALWAYS_SEARCH_USER_PATHS = NO;
				CLANG_ANALYZER_NONNULL = YES;
				CLANG_CXX_LANGUAGE_STANDARD = "gnu++0x";
				CLANG_CXX_LIBRARY = "libc++";
				CLANG_ENABLE_MODULES = YES;
				CLANG_ENABLE_OBJC_ARC = YES;
				CLANG_WARN_BOOL_CONVERSION = YES;
				CLANG_WARN_CONSTANT_CONVERSION = YES;
				CLANG_WARN_DIRECT_OBJC_ISA_USAGE = YES_ERROR;
				CLANG_WARN_DOCUMENTATION_COMMENTS = YES;
				CLANG_WARN_EMPTY_BODY = YES;
				CLANG_WARN_ENUM_CONVERSION = YES;
				CLANG_WARN_INFINITE_RECURSION = YES;
				CLANG_WARN_INT_CONVERSION = YES;
				CLANG_WARN_OBJC_ROOT_CLASS = YES_ERROR;
				CLANG_WARN_SUSPICIOUS_MOVES = YES;
				CLANG_WARN_UNREACHABLE_CODE = YES;
				CLANG_WARN__DUPLICATE_METHOD_MATCH = YES;
				"CODE_SIGN_IDENTITY[sdk=iphoneos*]" = "iPhone Developer";
				COPY_PHASE_STRIP = NO;
				DEBUG_INFORMATION_FORMAT = "dwarf-with-dsym";
				ENABLE_NS_ASSERTIONS = NO;
				ENABLE_STRICT_OBJC_MSGSEND = YES;
				GCC_C_LANGUAGE_STANDARD = gnu99;
				GCC_NO_COMMON_BLOCKS = YES;
				GCC_WARN_64_TO_32_BIT_CONVERSION = YES;
				GCC_WARN_ABOUT_RETURN_TYPE = YES_ERROR;
				GCC_WARN_UNDECLARED_SELECTOR = YES;
				GCC_WARN_UNINITIALIZED_AUTOS = YES_AGGRESSIVE;
				GCC_WARN_UNUSED_FUNCTION = YES;
				GCC_WARN_UNUSED_VARIABLE = YES;
				IPHONEOS_DEPLOYMENT_TARGET = 10.0;
				MTL_ENABLE_DEBUG_INFO = NO;
				SDKROOT = iphoneos;
				SWIFT_OPTIMIZATION_LEVEL = "-Owholemodule";
				TARGETED_DEVICE_FAMILY = "1,2";
				VALIDATE_PRODUCT = YES;
			};
			name = Release;
		};
		D141CA061E1B436E006EBA3C /* Debug */ = {
			isa = XCBuildConfiguration;
			baseConfigurationReference = 360B495F0922785E60ACA3F2 /* Pods-SqliteDemo.debug.xcconfig */;
			buildSettings = {
				ASSETCATALOG_COMPILER_APPICON_NAME = AppIcon;
				DEVELOPMENT_TEAM = AX766J88NA;
				INFOPLIST_FILE = SqliteDemo/Info.plist;
				LD_RUNPATH_SEARCH_PATHS = "$(inherited) @executable_path/Frameworks";
				PRODUCT_BUNDLE_IDENTIFIER = com.kvana.SqliteDemo;
				PRODUCT_NAME = "$(TARGET_NAME)";
				SWIFT_VERSION = 3.0;
			};
			name = Debug;
		};
		D141CA071E1B436E006EBA3C /* Release */ = {
			isa = XCBuildConfiguration;
			baseConfigurationReference = B218C57C08B4C83DD6D70BD0 /* Pods-SqliteDemo.release.xcconfig */;
			buildSettings = {
				ASSETCATALOG_COMPILER_APPICON_NAME = AppIcon;
				DEVELOPMENT_TEAM = AX766J88NA;
				INFOPLIST_FILE = SqliteDemo/Info.plist;
				LD_RUNPATH_SEARCH_PATHS = "$(inherited) @executable_path/Frameworks";
				PRODUCT_BUNDLE_IDENTIFIER = com.kvana.SqliteDemo;
				PRODUCT_NAME = "$(TARGET_NAME)";
				SWIFT_VERSION = 3.0;
			};
			name = Release;
		};
/* End XCBuildConfiguration section */

/* Begin XCConfigurationList section */
		D141C9EE1E1B436D006EBA3C /* Build configuration list for PBXProject "SqliteDemo" */ = {
			isa = XCConfigurationList;
			buildConfigurations = (
				D141CA031E1B436E006EBA3C /* Debug */,
				D141CA041E1B436E006EBA3C /* Release */,
			);
			defaultConfigurationIsVisible = 0;
			defaultConfigurationName = Release;
		};
		D141CA051E1B436E006EBA3C /* Build configuration list for PBXNativeTarget "SqliteDemo" */ = {
			isa = XCConfigurationList;
			buildConfigurations = (
				D141CA061E1B436E006EBA3C /* Debug */,
				D141CA071E1B436E006EBA3C /* Release */,
			);
			defaultConfigurationIsVisible = 0;
			defaultConfigurationName = Release;
		};
/* End XCConfigurationList section */
	};
	rootObject = D141C9EB1E1B436D006EBA3C /* Project object */;
}
